
Microsoft Visual Studio Solution File, Format Version 12.00
# Visual Studio Version 17
VisualStudioVersion = 17.3.32825.248
MinimumVisualStudioVersion = 10.0.40219.1
Project("{FAE04EC0-301F-11D3-BF4B-00C04F79EFBC}") = "SchoolDb", "SchoolDB\SchoolDB.csproj", "{D735E4C5-0CC8-42C4-84CE-BB3B719F8634}"
EndProject
Global
	GlobalSection(SolutionConfigurationPlatforms) = preSolution
		Debug|Any CPU = Debug|Any CPU
		Release|Any CPU = Release|Any CPU
	EndGlobalSection
	GlobalSection(ProjectConfigurationPlatforms) = postSolution
		{D735E4C5-0CC8-42C4-84CE-BB3B719F8634}.Debug|Any CPU.ActiveCfg = Debug|Any CPU
		{D735E4C5-0CC8-42C4-84CE-BB3B719F8634}.Debug|Any CPU.Build.0 = Debug|Any CPU
		{D735E4C5-0CC8-42C4-84CE-BB3B719F8634}.Release|Any CPU.ActiveCfg = Release|Any CPU
		{D735E4C5-0CC8-42C4-84CE-BB3B719F8634}.Release|Any CPU.Build.0 = Release|Any CPU
	EndGlobalSection
	GlobalSection(SolutionProperties) = preSolution
		HideSolutionNode = FALSE
	EndGlobalSection
	GlobalSection(ExtensibilityGlobals) = postSolution
		SolutionGuid = {4CE8A5FA-9143-452E-8FED-7CFD4B19C5B2}
	EndGlobalSection
EndGlobal
